
Microsoft Visual Studio Solution File, Format Version 12.00
# Visual Studio Version 16
VisualStudioVersion = 16.0.30717.126
MinimumVisualStudioVersion = 10.0.40219.1
Project("{9A19103F-16F7-4668-BE54-9A1E7A4F7556}") = "WeirdUnitGame", "WeirdUnitGame.csproj", "{A88F55FC-04AA-4B93-86A6-72B99CA84AC4}"
EndProject
Project("{FAE04EC0-301F-11D3-BF4B-00C04F79EFBC}") = "WeirdUnitGameTests", "..\WeirdUnitGameTests\WeirdUnitGameTests.csproj", "{967D0373-5D50-4EDF-A4B8-CC4D83E15A0F}"
EndProject
Global
	GlobalSection(SolutionConfigurationPlatforms) = preSolution
		Debug|Any CPU = Debug|Any CPU
		Release|Any CPU = Release|Any CPU
	EndGlobalSection
	GlobalSection(ProjectConfigurationPlatforms) = postSolution
		{A88F55FC-04AA-4B93-86A6-72B99CA84AC4}.Debug|Any CPU.ActiveCfg = Debug|Any CPU
		{A88F55FC-04AA-4B93-86A6-72B99CA84AC4}.Debug|Any CPU.Build.0 = Debug|Any CPU
		{A88F55FC-04AA-4B93-86A6-72B99CA84AC4}.Release|Any CPU.ActiveCfg = Release|Any CPU
		{A88F55FC-04AA-4B93-86A6-72B99CA84AC4}.Release|Any CPU.Build.0 = Release|Any CPU
		{967D0373-5D50-4EDF-A4B8-CC4D83E15A0F}.Debug|Any CPU.ActiveCfg = Debug|Any CPU
		{967D0373-5D50-4EDF-A4B8-CC4D83E15A0F}.Debug|Any CPU.Build.0 = Debug|Any CPU
		{967D0373-5D50-4EDF-A4B8-CC4D83E15A0F}.Release|Any CPU.ActiveCfg = Release|Any CPU
		{967D0373-5D50-4EDF-A4B8-CC4D83E15A0F}.Release|Any CPU.Build.0 = Release|Any CPU
	EndGlobalSection
	GlobalSection(SolutionProperties) = preSolution
		HideSolutionNode = FALSE
	EndGlobalSection
	GlobalSection(ExtensibilityGlobals) = postSolution
		SolutionGuid = {6AAA3526-765B-4BDA-8AC2-408496B88C77}
	EndGlobalSection
EndGlobal
